
Microsoft Visual Studio Solution File, Format Version 12.00
# Visual Studio 15
VisualStudioVersion = 15.0.27703.2035
MinimumVisualStudioVersion = 10.0.40219.1
Project("{9A19103F-16F7-4668-BE54-9A1E7A4F7556}") = "IdentityServices", "IdentityServices\IdentityServices.csproj", "{166E6D49-CD8E-47B7-95BA-D6CA354A99B4}"
EndProject
Project("{E53339B2-1760-4266-BCC7-CA923CBCF16C}") = "docker-compose", "docker-compose.dcproj", "{C84A4891-A0DB-4459-B3E5-CC17883CEF88}"
EndProject
Project("{FAE04EC0-301F-11D3-BF4B-00C04F79EFBC}") = "WebApiK", "WebApiK\WebApiK.csproj", "{74911973-B640-48E1-B245-22733DFECAF7}"
EndProject
Global
	GlobalSection(SolutionConfigurationPlatforms) = preSolution
		Debug|Any CPU = Debug|Any CPU
		Release|Any CPU = Release|Any CPU
	EndGlobalSection
	GlobalSection(ProjectConfigurationPlatforms) = postSolution
		{166E6D49-CD8E-47B7-95BA-D6CA354A99B4}.Debug|Any CPU.ActiveCfg = Debug|Any CPU
		{166E6D49-CD8E-47B7-95BA-D6CA354A99B4}.Debug|Any CPU.Build.0 = Debug|Any CPU
		{166E6D49-CD8E-47B7-95BA-D6CA354A99B4}.Release|Any CPU.ActiveCfg = Release|Any CPU
		{166E6D49-CD8E-47B7-95BA-D6CA354A99B4}.Release|Any CPU.Build.0 = Release|Any CPU
		{C84A4891-A0DB-4459-B3E5-CC17883CEF88}.Debug|Any CPU.ActiveCfg = Debug|Any CPU
		{C84A4891-A0DB-4459-B3E5-CC17883CEF88}.Debug|Any CPU.Build.0 = Debug|Any CPU
		{C84A4891-A0DB-4459-B3E5-CC17883CEF88}.Release|Any CPU.ActiveCfg = Release|Any CPU
		{C84A4891-A0DB-4459-B3E5-CC17883CEF88}.Release|Any CPU.Build.0 = Release|Any CPU
		{74911973-B640-48E1-B245-22733DFECAF7}.Debug|Any CPU.ActiveCfg = Debug|Any CPU
		{74911973-B640-48E1-B245-22733DFECAF7}.Debug|Any CPU.Build.0 = Debug|Any CPU
		{74911973-B640-48E1-B245-22733DFECAF7}.Release|Any CPU.ActiveCfg = Release|Any CPU
		{74911973-B640-48E1-B245-22733DFECAF7}.Release|Any CPU.Build.0 = Release|Any CPU
	EndGlobalSection
	GlobalSection(SolutionProperties) = preSolution
		HideSolutionNode = FALSE
	EndGlobalSection
	GlobalSection(ExtensibilityGlobals) = postSolution
		SolutionGuid = {8EE69957-2B06-4C49-95DC-B71DAA25C313}
	EndGlobalSection
EndGlobal
